// !$*UTF8*$!
{
	archiveVersion = 1;
	classes = {
	};
	objectVersion = 46;
	objects = {

/* Begin PBXBuildFile section */
		4E6941FEA56641E58697E010 /* libPods-WhatGit.a in Frameworks */ = {isa = PBXBuildFile; fileRef = 0191B8DF39A8482CAAB1E7FD /* libPods-WhatGit.a */; };
		C88CE5C118A5425F00BDB96E /* Foundation.framework in Frameworks */ = {isa = PBXBuildFile; fileRef = C88CE5C018A5425F00BDB96E /* Foundation.framework */; };
		C88CE5C318A5425F00BDB96E /* CoreGraphics.framework in Frameworks */ = {isa = PBXBuildFile; fileRef = C88CE5C218A5425F00BDB96E /* CoreGraphics.framework */; };
		C88CE5C518A5425F00BDB96E /* UIKit.framework in Frameworks */ = {isa = PBXBuildFile; fileRef = C88CE5C418A5425F00BDB96E /* UIKit.framework */; };
		C88CE5CB18A5425F00BDB96E /* InfoPlist.strings in Resources */ = {isa = PBXBuildFile; fileRef = C88CE5C918A5425F00BDB96E /* InfoPlist.strings */; };
		C88CE5CD18A5425F00BDB96E /* main.m in Sources */ = {isa = PBXBuildFile; fileRef = C88CE5CC18A5425F00BDB96E /* main.m */; };
		C88CE5D118A5425F00BDB96E /* AppDelegate.m in Sources */ = {isa = PBXBuildFile; fileRef = C88CE5D018A5425F00BDB96E /* AppDelegate.m */; };
		C88CE5D418A5425F00BDB96E /* Main.storyboard in Resources */ = {isa = PBXBuildFile; fileRef = C88CE5D218A5425F00BDB96E /* Main.storyboard */; };
		C88CE5D718A5425F00BDB96E /* ViewController.m in Sources */ = {isa = PBXBuildFile; fileRef = C88CE5D618A5425F00BDB96E /* ViewController.m */; };
		C88CE5D918A5425F00BDB96E /* Images.xcassets in Resources */ = {isa = PBXBuildFile; fileRef = C88CE5D818A5425F00BDB96E /* Images.xcassets */; };
		C88CE5E018A5425F00BDB96E /* XCTest.framework in Frameworks */ = {isa = PBXBuildFile; fileRef = C88CE5DF18A5425F00BDB96E /* XCTest.framework */; };
		C88CE5E118A5425F00BDB96E /* Foundation.framework in Frameworks */ = {isa = PBXBuildFile; fileRef = C88CE5C018A5425F00BDB96E /* Foundation.framework */; };
		C88CE5E218A5425F00BDB96E /* UIKit.framework in Frameworks */ = {isa = PBXBuildFile; fileRef = C88CE5C418A5425F00BDB96E /* UIKit.framework */; };
		C88CE5EA18A5425F00BDB96E /* InfoPlist.strings in Resources */ = {isa = PBXBuildFile; fileRef = C88CE5E818A5425F00BDB96E /* InfoPlist.strings */; };
		C88CE5EC18A5425F00BDB96E /* WhatGitTests.m in Sources */ = {isa = PBXBuildFile; fileRef = C88CE5EB18A5425F00BDB96E /* WhatGitTests.m */; };
		C88CE5F818A61C1800BDB96E /* APIClient.m in Sources */ = {isa = PBXBuildFile; fileRef = C88CE5F718A61C1800BDB96E /* APIClient.m */; };
/* End PBXBuildFile section */

/* Begin PBXContainerItemProxy section */
		C88CE5E318A5425F00BDB96E /* PBXContainerItemProxy */ = {
			isa = PBXContainerItemProxy;
			containerPortal = C88CE5B518A5425F00BDB96E /* Project object */;
			proxyType = 1;
			remoteGlobalIDString = C88CE5BC18A5425F00BDB96E;
			remoteInfo = WhatGit;
		};
/* End PBXContainerItemProxy section */

/* Begin PBXFileReference section */
		0191B8DF39A8482CAAB1E7FD /* libPods-WhatGit.a */ = {isa = PBXFileReference; explicitFileType = archive.ar; includeInIndex = 0; path = "libPods-WhatGit.a"; sourceTree = BUILT_PRODUCTS_DIR; };
		5222D5A4ED9F4E3CBC9E9281 /* Pods-WhatGit.xcconfig */ = {isa = PBXFileReference; includeInIndex = 1; lastKnownFileType = text.xcconfig; name = "Pods-WhatGit.xcconfig"; path = "Pods/Pods-WhatGit.xcconfig"; sourceTree = "<group>"; };
		C88CE5BD18A5425F00BDB96E /* WhatGit.app */ = {isa = PBXFileReference; explicitFileType = wrapper.application; includeInIndex = 0; path = WhatGit.app; sourceTree = BUILT_PRODUCTS_DIR; };
		C88CE5C018A5425F00BDB96E /* Foundation.framework */ = {isa = PBXFileReference; lastKnownFileType = wrapper.framework; name = Foundation.framework; path = System/Library/Frameworks/Foundation.framework; sourceTree = SDKROOT; };
		C88CE5C218A5425F00BDB96E /* CoreGraphics.framework */ = {isa = PBXFileReference; lastKnownFileType = wrapper.framework; name = CoreGraphics.framework; path = System/Library/Frameworks/CoreGraphics.framework; sourceTree = SDKROOT; };
		C88CE5C418A5425F00BDB96E /* UIKit.framework */ = {isa = PBXFileReference; lastKnownFileType = wrapper.framework; name = UIKit.framework; path = System/Library/Frameworks/UIKit.framework; sourceTree = SDKROOT; };
		C88CE5C818A5425F00BDB96E /* WhatGit-Info.plist */ = {isa = PBXFileReference; lastKnownFileType = text.plist.xml; path = "WhatGit-Info.plist"; sourceTree = "<group>"; };
		C88CE5CA18A5425F00BDB96E /* en */ = {isa = PBXFileReference; lastKnownFileType = text.plist.strings; name = en; path = en.lproj/InfoPlist.strings; sourceTree = "<group>"; };
		C88CE5CC18A5425F00BDB96E /* main.m */ = {isa = PBXFileReference; lastKnownFileType = sourcecode.c.objc; path = main.m; sourceTree = "<group>"; };
		C88CE5CE18A5425F00BDB96E /* WhatGit-Prefix.pch */ = {isa = PBXFileReference; lastKnownFileType = sourcecode.c.h; path = "WhatGit-Prefix.pch"; sourceTree = "<group>"; };
		C88CE5CF18A5425F00BDB96E /* AppDelegate.h */ = {isa = PBXFileReference; lastKnownFileType = sourcecode.c.h; path = AppDelegate.h; sourceTree = "<group>"; };
		C88CE5D018A5425F00BDB96E /* AppDelegate.m */ = {isa = PBXFileReference; lastKnownFileType = sourcecode.c.objc; path = AppDelegate.m; sourceTree = "<group>"; };
		C88CE5D318A5425F00BDB96E /* Base */ = {isa = PBXFileReference; lastKnownFileType = file.storyboard; name = Base; path = Base.lproj/Main.storyboard; sourceTree = "<group>"; };
		C88CE5D518A5425F00BDB96E /* ViewController.h */ = {isa = PBXFileReference; lastKnownFileType = sourcecode.c.h; path = ViewController.h; sourceTree = "<group>"; };
		C88CE5D618A5425F00BDB96E /* ViewController.m */ = {isa = PBXFileReference; lastKnownFileType = sourcecode.c.objc; path = ViewController.m; sourceTree = "<group>"; };
		C88CE5D818A5425F00BDB96E /* Images.xcassets */ = {isa = PBXFileReference; lastKnownFileType = folder.assetcatalog; path = Images.xcassets; sourceTree = "<group>"; };
		C88CE5DE18A5425F00BDB96E /* WhatGitTests.xctest */ = {isa = PBXFileReference; explicitFileType = wrapper.cfbundle; includeInIndex = 0; path = WhatGitTests.xctest; sourceTree = BUILT_PRODUCTS_DIR; };
		C88CE5DF18A5425F00BDB96E /* XCTest.framework */ = {isa = PBXFileReference; lastKnownFileType = wrapper.framework; name = XCTest.framework; path = Library/Frameworks/XCTest.framework; sourceTree = DEVELOPER_DIR; };
		C88CE5E718A5425F00BDB96E /* WhatGitTests-Info.plist */ = {isa = PBXFileReference; lastKnownFileType = text.plist.xml; path = "WhatGitTests-Info.plist"; sourceTree = "<group>"; };
		C88CE5E918A5425F00BDB96E /* en */ = {isa = PBXFileReference; lastKnownFileType = text.plist.strings; name = en; path = en.lproj/InfoPlist.strings; sourceTree = "<group>"; };
		C88CE5EB18A5425F00BDB96E /* WhatGitTests.m */ = {isa = PBXFileReference; lastKnownFileType = sourcecode.c.objc; path = WhatGitTests.m; sourceTree = "<group>"; };
		C88CE5F518A61BAF00BDB96E /* XCTest+Async.h */ = {isa = PBXFileReference; fileEncoding = 4; lastKnownFileType = sourcecode.c.h; path = "XCTest+Async.h"; sourceTree = "<group>"; };
		C88CE5F618A61C1800BDB96E /* APIClient.h */ = {isa = PBXFileReference; fileEncoding = 4; lastKnownFileType = sourcecode.c.h; path = APIClient.h; sourceTree = "<group>"; };
		C88CE5F718A61C1800BDB96E /* APIClient.m */ = {isa = PBXFileReference; fileEncoding = 4; lastKnownFileType = sourcecode.c.objc; path = APIClient.m; sourceTree = "<group>"; };
/* End PBXFileReference section */

/* Begin PBXFrameworksBuildPhase section */
		C88CE5BA18A5425F00BDB96E /* Frameworks */ = {
			isa = PBXFrameworksBuildPhase;
			buildActionMask = 2147483647;
			files = (
				C88CE5C318A5425F00BDB96E /* CoreGraphics.framework in Frameworks */,
				C88CE5C518A5425F00BDB96E /* UIKit.framework in Frameworks */,
				C88CE5C118A5425F00BDB96E /* Foundation.framework in Frameworks */,
				4E6941FEA56641E58697E010 /* libPods-WhatGit.a in Frameworks */,
			);
			runOnlyForDeploymentPostprocessing = 0;
		};
		C88CE5DB18A5425F00BDB96E /* Frameworks */ = {
			isa = PBXFrameworksBuildPhase;
			buildActionMask = 2147483647;
			files = (
				C88CE5E018A5425F00BDB96E /* XCTest.framework in Frameworks */,
				C88CE5E218A5425F00BDB96E /* UIKit.framework in Frameworks */,
				C88CE5E118A5425F00BDB96E /* Foundation.framework in Frameworks */,
			);
			runOnlyForDeploymentPostprocessing = 0;
		};
/* End PBXFrameworksBuildPhase section */

/* Begin PBXGroup section */
		C88CE5B418A5425F00BDB96E = {
			isa = PBXGroup;
			children = (
				C88CE5C618A5425F00BDB96E /* WhatGit */,
				C88CE5E518A5425F00BDB96E /* WhatGitTests */,
				C88CE5BF18A5425F00BDB96E /* Frameworks */,
				C88CE5BE18A5425F00BDB96E /* Products */,
				5222D5A4ED9F4E3CBC9E9281 /* Pods-WhatGit.xcconfig */,
			);
			sourceTree = "<group>";
		};
		C88CE5BE18A5425F00BDB96E /* Products */ = {
			isa = PBXGroup;
			children = (
				C88CE5BD18A5425F00BDB96E /* WhatGit.app */,
				C88CE5DE18A5425F00BDB96E /* WhatGitTests.xctest */,
			);
			name = Products;
			sourceTree = "<group>";
		};
		C88CE5BF18A5425F00BDB96E /* Frameworks */ = {
			isa = PBXGroup;
			children = (
				C88CE5C018A5425F00BDB96E /* Foundation.framework */,
				C88CE5C218A5425F00BDB96E /* CoreGraphics.framework */,
				C88CE5C418A5425F00BDB96E /* UIKit.framework */,
				C88CE5DF18A5425F00BDB96E /* XCTest.framework */,
				0191B8DF39A8482CAAB1E7FD /* libPods-WhatGit.a */,
			);
			name = Frameworks;
			sourceTree = "<group>";
		};
		C88CE5C618A5425F00BDB96E /* WhatGit */ = {
			isa = PBXGroup;
			children = (
				C88CE5CF18A5425F00BDB96E /* AppDelegate.h */,
				C88CE5D018A5425F00BDB96E /* AppDelegate.m */,
				C88CE5D218A5425F00BDB96E /* Main.storyboard */,
				C88CE5D518A5425F00BDB96E /* ViewController.h */,
				C88CE5D618A5425F00BDB96E /* ViewController.m */,
				C88CE5D818A5425F00BDB96E /* Images.xcassets */,
				C88CE5F618A61C1800BDB96E /* APIClient.h */,
				C88CE5F718A61C1800BDB96E /* APIClient.m */,
				C88CE5C718A5425F00BDB96E /* Supporting Files */,
			);
			path = WhatGit;
			sourceTree = "<group>";
		};
		C88CE5C718A5425F00BDB96E /* Supporting Files */ = {
			isa = PBXGroup;
			children = (
				C88CE5C818A5425F00BDB96E /* WhatGit-Info.plist */,
				C88CE5C918A5425F00BDB96E /* InfoPlist.strings */,
				C88CE5CC18A5425F00BDB96E /* main.m */,
				C88CE5CE18A5425F00BDB96E /* WhatGit-Prefix.pch */,
			);
			name = "Supporting Files";
			sourceTree = "<group>";
		};
		C88CE5E518A5425F00BDB96E /* WhatGitTests */ = {
			isa = PBXGroup;
			children = (
				C88CE5F518A61BAF00BDB96E /* XCTest+Async.h */,
				C88CE5EB18A5425F00BDB96E /* WhatGitTests.m */,
				C88CE5E618A5425F00BDB96E /* Supporting Files */,
			);
			path = WhatGitTests;
			sourceTree = "<group>";
		};
		C88CE5E618A5425F00BDB96E /* Supporting Files */ = {
			isa = PBXGroup;
			children = (
				C88CE5E718A5425F00BDB96E /* WhatGitTests-Info.plist */,
				C88CE5E818A5425F00BDB96E /* InfoPlist.strings */,
			);
			name = "Supporting Files";
			sourceTree = "<group>";
		};
/* End PBXGroup section */

/* Begin PBXNativeTarget section */
		C88CE5BC18A5425F00BDB96E /* WhatGit */ = {
			isa = PBXNativeTarget;
			buildConfigurationList = C88CE5EF18A5425F00BDB96E /* Build configuration list for PBXNativeTarget "WhatGit" */;
			buildPhases = (
				ACE5878EE24C4A1CAFBD45C1 /* Check Pods Manifest.lock */,
				C88CE5B918A5425F00BDB96E /* Sources */,
				C88CE5BA18A5425F00BDB96E /* Frameworks */,
				C88CE5BB18A5425F00BDB96E /* Resources */,
				5F1F3C016EFD4D1593F7636C /* Copy Pods Resources */,
			);
			buildRules = (
			);
			dependencies = (
			);
			name = WhatGit;
			productName = WhatGit;
			productReference = C88CE5BD18A5425F00BDB96E /* WhatGit.app */;
			productType = "com.apple.product-type.application";
		};
		C88CE5DD18A5425F00BDB96E /* WhatGitTests */ = {
			isa = PBXNativeTarget;
			buildConfigurationList = C88CE5F218A5425F00BDB96E /* Build configuration list for PBXNativeTarget "WhatGitTests" */;
			buildPhases = (
				C88CE5DA18A5425F00BDB96E /* Sources */,
				C88CE5DB18A5425F00BDB96E /* Frameworks */,
				C88CE5DC18A5425F00BDB96E /* Resources */,
			);
			buildRules = (
			);
			dependencies = (
				C88CE5E418A5425F00BDB96E /* PBXTargetDependency */,
			);
			name = WhatGitTests;
			productName = WhatGitTests;
			productReference = C88CE5DE18A5425F00BDB96E /* WhatGitTests.xctest */;
			productType = "com.apple.product-type.bundle.unit-test";
		};
/* End PBXNativeTarget section */

/* Begin PBXProject section */
		C88CE5B518A5425F00BDB96E /* Project object */ = {
			isa = PBXProject;
			attributes = {
				LastUpgradeCheck = 0500;
				ORGANIZATIONNAME = "Chanintorn Asavavichairoj";
				TargetAttributes = {
					C88CE5BC18A5425F00BDB96E = {
						DevelopmentTeam = B753CMQ4F6;
					};
					C88CE5DD18A5425F00BDB96E = {
						TestTargetID = C88CE5BC18A5425F00BDB96E;
					};
				};
			};
			buildConfigurationList = C88CE5B818A5425F00BDB96E /* Build configuration list for PBXProject "WhatGit" */;
			compatibilityVersion = "Xcode 3.2";
			developmentRegion = English;
			hasScannedForEncodings = 0;
			knownRegions = (
				en,
				Base,
			);
			mainGroup = C88CE5B418A5425F00BDB96E;
			productRefGroup = C88CE5BE18A5425F00BDB96E /* Products */;
			projectDirPath = "";
			projectRoot = "";
			targets = (
				C88CE5BC18A5425F00BDB96E /* WhatGit */,
				C88CE5DD18A5425F00BDB96E /* WhatGitTests */,
			);
		};
/* End PBXProject section */

/* Begin PBXResourcesBuildPhase section */
		C88CE5BB18A5425F00BDB96E /* Resources */ = {
			isa = PBXResourcesBuildPhase;
			buildActionMask = 2147483647;
			files = (
				C88CE5D918A5425F00BDB96E /* Images.xcassets in Resources */,
				C88CE5CB18A5425F00BDB96E /* InfoPlist.strings in Resources */,
				C88CE5D418A5425F00BDB96E /* Main.storyboard in Resources */,
			);
			runOnlyForDeploymentPostprocessing = 0;
		};
		C88CE5DC18A5425F00BDB96E /* Resources */ = {
			isa = PBXResourcesBuildPhase;
			buildActionMask = 2147483647;
			files = (
				C88CE5EA18A5425F00BDB96E /* InfoPlist.strings in Resources */,
			);
			runOnlyForDeploymentPostprocessing = 0;
		};
/* End PBXResourcesBuildPhase section */

/* Begin PBXShellScriptBuildPhase section */
		5F1F3C016EFD4D1593F7636C /* Copy Pods Resources */ = {
			isa = PBXShellScriptBuildPhase;
			buildActionMask = 2147483647;
			files = (
			);
			inputPaths = (
			);
			name = "Copy Pods Resources";
			outputPaths = (
			);
			runOnlyForDeploymentPostprocessing = 0;
			shellPath = /bin/sh;
			shellScript = "\"${SRCROOT}/Pods/Pods-WhatGit-resources.sh\"\n";
			showEnvVarsInLog = 0;
		};
		ACE5878EE24C4A1CAFBD45C1 /* Check Pods Manifest.lock */ = {
			isa = PBXShellScriptBuildPhase;
			buildActionMask = 2147483647;
			files = (
			);
			inputPaths = (
			);
			name = "Check Pods Manifest.lock";
			outputPaths = (
			);
			runOnlyForDeploymentPostprocessing = 0;
			shellPath = /bin/sh;
			shellScript = "diff \"${PODS_ROOT}/../Podfile.lock\" \"${PODS_ROOT}/Manifest.lock\" > /dev/null\nif [[ $? != 0 ]] ; then\n    cat << EOM\nerror: The sandbox is not in sync with the Podfile.lock. Run 'pod install' or update your CocoaPods installation.\nEOM\n    exit 1\nfi\n";
			showEnvVarsInLog = 0;
		};
/* End PBXShellScriptBuildPhase section */

/* Begin PBXSourcesBuildPhase section */
		C88CE5B918A5425F00BDB96E /* Sources */ = {
			isa = PBXSourcesBuildPhase;
			buildActionMask = 2147483647;
			files = (
				C88CE5D718A5425F00BDB96E /* ViewController.m in Sources */,
				C88CE5D118A5425F00BDB96E /* AppDelegate.m in Sources */,
				C88CE5CD18A5425F00BDB96E /* main.m in Sources */,
				C88CE5F818A61C1800BDB96E /* APIClient.m in Sources */,
			);
			runOnlyForDeploymentPostprocessing = 0;
		};
		C88CE5DA18A5425F00BDB96E /* Sources */ = {
			isa = PBXSourcesBuildPhase;
			buildActionMask = 2147483647;
			files = (
				C88CE5EC18A5425F00BDB96E /* WhatGitTests.m in Sources */,
			);
			runOnlyForDeploymentPostprocessing = 0;
		};
/* End PBXSourcesBuildPhase section */

/* Begin PBXTargetDependency section */
		C88CE5E418A5425F00BDB96E /* PBXTargetDependency */ = {
			isa = PBXTargetDependency;
			target = C88CE5BC18A5425F00BDB96E /* WhatGit */;
			targetProxy = C88CE5E318A5425F00BDB96E /* PBXContainerItemProxy */;
		};
/* End PBXTargetDependency section */

/* Begin PBXVariantGroup section */
		C88CE5C918A5425F00BDB96E /* InfoPlist.strings */ = {
			isa = PBXVariantGroup;
			children = (
				C88CE5CA18A5425F00BDB96E /* en */,
			);
			name = InfoPlist.strings;
			sourceTree = "<group>";
		};
		C88CE5D218A5425F00BDB96E /* Main.storyboard */ = {
			isa = PBXVariantGroup;
			children = (
				C88CE5D318A5425F00BDB96E /* Base */,
			);
			name = Main.storyboard;
			sourceTree = "<group>";
		};
		C88CE5E818A5425F00BDB96E /* InfoPlist.strings */ = {
			isa = PBXVariantGroup;
			children = (
				C88CE5E918A5425F00BDB96E /* en */,
			);
			name = InfoPlist.strings;
			sourceTree = "<group>";
		};
/* End PBXVariantGroup section */

/* Begin XCBuildConfiguration section */
		C88CE5ED18A5425F00BDB96E /* Debug */ = {
			isa = XCBuildConfiguration;
			buildSettings = {
				ALWAYS_SEARCH_USER_PATHS = NO;
				ARCHS = "$(ARCHS_STANDARD_INCLUDING_64_BIT)";
				CLANG_CXX_LANGUAGE_STANDARD = "gnu++0x";
				CLANG_CXX_LIBRARY = "libc++";
				CLANG_ENABLE_MODULES = YES;
				CLANG_ENABLE_OBJC_ARC = YES;
				CLANG_WARN_BOOL_CONVERSION = YES;
				CLANG_WARN_CONSTANT_CONVERSION = YES;
				CLANG_WARN_DIRECT_OBJC_ISA_USAGE = YES_ERROR;
				CLANG_WARN_EMPTY_BODY = YES;
				CLANG_WARN_ENUM_CONVERSION = YES;
				CLANG_WARN_INT_CONVERSION = YES;
				CLANG_WARN_OBJC_ROOT_CLASS = YES_ERROR;
				CLANG_WARN__DUPLICATE_METHOD_MATCH = YES;
				"CODE_SIGN_IDENTITY[sdk=iphoneos*]" = "iPhone Developer";
				COPY_PHASE_STRIP = NO;
				GCC_C_LANGUAGE_STANDARD = gnu99;
				GCC_DYNAMIC_NO_PIC = NO;
				GCC_OPTIMIZATION_LEVEL = 0;
				GCC_PREPROCESSOR_DEFINITIONS = (
					"DEBUG=1",
					"$(inherited)",
				);
				GCC_SYMBOLS_PRIVATE_EXTERN = NO;
				GCC_WARN_64_TO_32_BIT_CONVERSION = YES;
				GCC_WARN_ABOUT_RETURN_TYPE = YES_ERROR;
				GCC_WARN_UNDECLARED_SELECTOR = YES;
				GCC_WARN_UNINITIALIZED_AUTOS = YES;
				GCC_WARN_UNUSED_FUNCTION = YES;
				GCC_WARN_UNUSED_VARIABLE = YES;
				IPHONEOS_DEPLOYMENT_TARGET = 7.0;
				ONLY_ACTIVE_ARCH = YES;
				SDKROOT = iphoneos;
			};
			name = Debug;
		};
		C88CE5EE18A5425F00BDB96E /* Release */ = {
			isa = XCBuildConfiguration;
			buildSettings = {
				ALWAYS_SEARCH_USER_PATHS = NO;
				ARCHS = "$(ARCHS_STANDARD_INCLUDING_64_BIT)";
				CLANG_CXX_LANGUAGE_STANDARD = "gnu++0x";
				CLANG_CXX_LIBRARY = "libc++";
				CLANG_ENABLE_MODULES = YES;
				CLANG_ENABLE_OBJC_ARC = YES;
				CLANG_WARN_BOOL_CONVERSION = YES;
				CLANG_WARN_CONSTANT_CONVERSION = YES;
				CLANG_WARN_DIRECT_OBJC_ISA_USAGE = YES_ERROR;
				CLANG_WARN_EMPTY_BODY = YES;
				CLANG_WARN_ENUM_CONVERSION = YES;
				CLANG_WARN_INT_CONVERSION = YES;
				CLANG_WARN_OBJC_ROOT_CLASS = YES_ERROR;
				CLANG_WARN__DUPLICATE_METHOD_MATCH = YES;
				"CODE_SIGN_IDENTITY[sdk=iphoneos*]" = "iPhone Developer";
				COPY_PHASE_STRIP = YES;
				ENABLE_NS_ASSERTIONS = NO;
				GCC_C_LANGUAGE_STANDARD = gnu99;
				GCC_WARN_64_TO_32_BIT_CONVERSION = YES;
				GCC_WARN_ABOUT_RETURN_TYPE = YES_ERROR;
				GCC_WARN_UNDECLARED_SELECTOR = YES;
				GCC_WARN_UNINITIALIZED_AUTOS = YES;
				GCC_WARN_UNUSED_FUNCTION = YES;
				GCC_WARN_UNUSED_VARIABLE = YES;
				IPHONEOS_DEPLOYMENT_TARGET = 7.0;
				SDKROOT = iphoneos;
				VALIDATE_PRODUCT = YES;
			};
			name = Release;
		};
		C88CE5F018A5425F00BDB96E /* Debug */ = {
			isa = XCBuildConfiguration;
			baseConfigurationReference = 5222D5A4ED9F4E3CBC9E9281 /* Pods-WhatGit.xcconfig */;
			buildSettings = {
				ASSETCATALOG_COMPILER_APPICON_NAME = AppIcon;
				ASSETCATALOG_COMPILER_LAUNCHIMAGE_NAME = LaunchImage;
				CODE_SIGN_IDENTITY = "iPhone Developer: Chanintorn Asavavichairoj (S8C34CHUYN)";
				GCC_PRECOMPILE_PREFIX_HEADER = YES;
				GCC_PREFIX_HEADER = "WhatGit/WhatGit-Prefix.pch";
				INFOPLIST_FILE = "WhatGit/WhatGit-Info.plist";
				PRODUCT_NAME = "$(TARGET_NAME)";
				PROVISIONING_PROFILE = "E9BDD8BD-7547-4131-BFA9-9748356CD041";
				WRAPPER_EXTENSION = app;
			};
			name = Debug;
		};
		C88CE5F118A5425F00BDB96E /* Release */ = {
			isa = XCBuildConfiguration;
			baseConfigurationReference = 5222D5A4ED9F4E3CBC9E9281 /* Pods-WhatGit.xcconfig */;
			buildSettings = {
				ASSETCATALOG_COMPILER_APPICON_NAME = AppIcon;
				ASSETCATALOG_COMPILER_LAUNCHIMAGE_NAME = LaunchImage;
				CODE_SIGN_IDENTITY = "iPhone Distribution: Chanintorn Asavavichairoj (B753CMQ4F6)";
				GCC_PRECOMPILE_PREFIX_HEADER = YES;
				GCC_PREFIX_HEADER = "WhatGit/WhatGit-Prefix.pch";
				INFOPLIST_FILE = "WhatGit/WhatGit-Info.plist";
				PRODUCT_NAME = "$(TARGET_NAME)";
				PROVISIONING_PROFILE = "D408F436-5671-43A5-BC13-ED96F4FC3499";
				WRAPPER_EXTENSION = app;
			};
			name = Release;
		};
		C88CE5F318A5425F00BDB96E /* Debug */ = {
			isa = XCBuildConfiguration;
			buildSettings = {
				ARCHS = "$(ARCHS_STANDARD_INCLUDING_64_BIT)";
				BUNDLE_LOADER = "$(BUILT_PRODUCTS_DIR)/WhatGit.app/WhatGit";
				FRAMEWORK_SEARCH_PATHS = (
					"$(SDKROOT)/Developer/Library/Frameworks",
					"$(inherited)",
					"$(DEVELOPER_FRAMEWORKS_DIR)",
				);
				GCC_PRECOMPILE_PREFIX_HEADER = YES;
				GCC_PREFIX_HEADER = "WhatGit/WhatGit-Prefix.pch";
				GCC_PREPROCESSOR_DEFINITIONS = (
					"DEBUG=1",
					"$(inherited)",
				);
				INFOPLIST_FILE = "WhatGitTests/WhatGitTests-Info.plist";
				PRODUCT_NAME = "$(TARGET_NAME)";
				TEST_HOST = "$(BUNDLE_LOADER)";
				WRAPPER_EXTENSION = xctest;
			};
			name = Debug;
		};
		C88CE5F418A5425F00BDB96E /* Release */ = {
			isa = XCBuildConfiguration;
			buildSettings = {
				ARCHS = "$(ARCHS_STANDARD_INCLUDING_64_BIT)";
				BUNDLE_LOADER = "$(BUILT_PRODUCTS_DIR)/WhatGit.app/WhatGit";
				FRAMEWORK_SEARCH_PATHS = (
					"$(SDKROOT)/Developer/Library/Frameworks",
					"$(inherited)",
					"$(DEVELOPER_FRAMEWORKS_DIR)",
				);
				GCC_PRECOMPILE_PREFIX_HEADER = YES;
				GCC_PREFIX_HEADER = "WhatGit/WhatGit-Prefix.pch";
				INFOPLIST_FILE = "WhatGitTests/WhatGitTests-Info.plist";
				PRODUCT_NAME = "$(TARGET_NAME)";
				TEST_HOST = "$(BUNDLE_LOADER)";
				WRAPPER_EXTENSION = xctest;
			};
			name = Release;
		};
/* End XCBuildConfiguration section */

/* Begin XCConfigurationList section */
		C88CE5B818A5425F00BDB96E /* Build configuration list for PBXProject "WhatGit" */ = {
			isa = XCConfigurationList;
			buildConfigurations = (
				C88CE5ED18A5425F00BDB96E /* Debug */,
				C88CE5EE18A5425F00BDB96E /* Release */,
			);
			defaultConfigurationIsVisible = 0;
			defaultConfigurationName = Release;
		};
		C88CE5EF18A5425F00BDB96E /* Build configuration list for PBXNativeTarget "WhatGit" */ = {
			isa = XCConfigurationList;
			buildConfigurations = (
				C88CE5F018A5425F00BDB96E /* Debug */,
				C88CE5F118A5425F00BDB96E /* Release */,
			);
			defaultConfigurationIsVisible = 0;
			defaultConfigurationName = Release;
		};
		C88CE5F218A5425F00BDB96E /* Build configuration list for PBXNativeTarget "WhatGitTests" */ = {
			isa = XCConfigurationList;
			buildConfigurations = (
				C88CE5F318A5425F00BDB96E /* Debug */,
				C88CE5F418A5425F00BDB96E /* Release */,
			);
			defaultConfigurationIsVisible = 0;
			defaultConfigurationName = Release;
		};
/* End XCConfigurationList section */
	};
	rootObject = C88CE5B518A5425F00BDB96E /* Project object */;
}
